
Microsoft Visual Studio Solution File, Format Version 12.00
# Visual Studio Version 17
VisualStudioVersion = 17.4.33213.308
MinimumVisualStudioVersion = 10.0.40219.1
Project("{9A19103F-16F7-4668-BE54-9A1E7A4F7556}") = "Problema_3", "..\Problema_3\Problema_3\Problema_3.csproj", "{0C503AEE-611B-438F-9084-964971E89676}"
EndProject
Project("{9A19103F-16F7-4668-BE54-9A1E7A4F7556}") = "TestProject_3", "TestProject_3\TestProject_3.csproj", "{4BB67AEA-9CA3-411F-AD08-E8016A258AFC}"
EndProject
Global
	GlobalSection(SolutionConfigurationPlatforms) = preSolution
		Debug|Any CPU = Debug|Any CPU
		Release|Any CPU = Release|Any CPU
	EndGlobalSection
	GlobalSection(ProjectConfigurationPlatforms) = postSolution
		{0C503AEE-611B-438F-9084-964971E89676}.Debug|Any CPU.ActiveCfg = Debug|Any CPU
		{0C503AEE-611B-438F-9084-964971E89676}.Debug|Any CPU.Build.0 = Debug|Any CPU
		{0C503AEE-611B-438F-9084-964971E89676}.Release|Any CPU.ActiveCfg = Release|Any CPU
		{0C503AEE-611B-438F-9084-964971E89676}.Release|Any CPU.Build.0 = Release|Any CPU
		{4BB67AEA-9CA3-411F-AD08-E8016A258AFC}.Debug|Any CPU.ActiveCfg = Debug|Any CPU
		{4BB67AEA-9CA3-411F-AD08-E8016A258AFC}.Debug|Any CPU.Build.0 = Debug|Any CPU
		{4BB67AEA-9CA3-411F-AD08-E8016A258AFC}.Release|Any CPU.ActiveCfg = Release|Any CPU
		{4BB67AEA-9CA3-411F-AD08-E8016A258AFC}.Release|Any CPU.Build.0 = Release|Any CPU
	EndGlobalSection
	GlobalSection(SolutionProperties) = preSolution
		HideSolutionNode = FALSE
	EndGlobalSection
	GlobalSection(ExtensibilityGlobals) = postSolution
		SolutionGuid = {2E6E7274-78A6-488A-B256-0D8F33B5D680}
	EndGlobalSection
EndGlobal
